
Microsoft Visual Studio Solution File, Format Version 12.00
# Visual Studio Version 16
VisualStudioVersion = 16.0.28803.202
MinimumVisualStudioVersion = 10.0.40219.1
Project("{9A19103F-16F7-4668-BE54-9A1E7A4F7556}") = "ExamRef70_483.Chapter1.Tests", "ExamRef70-483.Chapter1.Tests\ExamRef70_483.Chapter1.Tests.csproj", "{ECB86D6B-A1AC-4107-AC5F-1DE6754128AD}"
EndProject
Project("{9A19103F-16F7-4668-BE54-9A1E7A4F7556}") = "ExamRef70_483.Chapter1", "ExamRef70-483.Chapter1\ExamRef70_483.Chapter1.csproj", "{6641832F-4589-4972-ACD4-A21ECF9885FF}"
EndProject
Project("{FAE04EC0-301F-11D3-BF4B-00C04F79EFBC}") = "ExamRef70_483.Chapter1.RandomAverage", "ExamRef70_483.Chapter1.UserInterface\ExamRef70_483.Chapter1.RandomAverage.csproj", "{3070E985-F8DB-4E6D-B3FC-52510E8D62AE}"
EndProject
Project("{FAE04EC0-301F-11D3-BF4B-00C04F79EFBC}") = "ExamRef70_483.Chapter1.WebViewer", "ExamRef70_483.Chapter1.WebViewer\ExamRef70_483.Chapter1.WebViewer.csproj", "{6847D427-E49F-49A4-AFD9-54135B97E5DF}"
EndProject
Global
	GlobalSection(SolutionConfigurationPlatforms) = preSolution
		Debug|Any CPU = Debug|Any CPU
		Release|Any CPU = Release|Any CPU
	EndGlobalSection
	GlobalSection(ProjectConfigurationPlatforms) = postSolution
		{ECB86D6B-A1AC-4107-AC5F-1DE6754128AD}.Debug|Any CPU.ActiveCfg = Debug|Any CPU
		{ECB86D6B-A1AC-4107-AC5F-1DE6754128AD}.Debug|Any CPU.Build.0 = Debug|Any CPU
		{ECB86D6B-A1AC-4107-AC5F-1DE6754128AD}.Release|Any CPU.ActiveCfg = Release|Any CPU
		{ECB86D6B-A1AC-4107-AC5F-1DE6754128AD}.Release|Any CPU.Build.0 = Release|Any CPU
		{6641832F-4589-4972-ACD4-A21ECF9885FF}.Debug|Any CPU.ActiveCfg = Debug|Any CPU
		{6641832F-4589-4972-ACD4-A21ECF9885FF}.Debug|Any CPU.Build.0 = Debug|Any CPU
		{6641832F-4589-4972-ACD4-A21ECF9885FF}.Release|Any CPU.ActiveCfg = Release|Any CPU
		{6641832F-4589-4972-ACD4-A21ECF9885FF}.Release|Any CPU.Build.0 = Release|Any CPU
		{3070E985-F8DB-4E6D-B3FC-52510E8D62AE}.Debug|Any CPU.ActiveCfg = Debug|Any CPU
		{3070E985-F8DB-4E6D-B3FC-52510E8D62AE}.Debug|Any CPU.Build.0 = Debug|Any CPU
		{3070E985-F8DB-4E6D-B3FC-52510E8D62AE}.Release|Any CPU.ActiveCfg = Release|Any CPU
		{3070E985-F8DB-4E6D-B3FC-52510E8D62AE}.Release|Any CPU.Build.0 = Release|Any CPU
		{6847D427-E49F-49A4-AFD9-54135B97E5DF}.Debug|Any CPU.ActiveCfg = Debug|Any CPU
		{6847D427-E49F-49A4-AFD9-54135B97E5DF}.Debug|Any CPU.Build.0 = Debug|Any CPU
		{6847D427-E49F-49A4-AFD9-54135B97E5DF}.Release|Any CPU.ActiveCfg = Release|Any CPU
		{6847D427-E49F-49A4-AFD9-54135B97E5DF}.Release|Any CPU.Build.0 = Release|Any CPU
	EndGlobalSection
	GlobalSection(SolutionProperties) = preSolution
		HideSolutionNode = FALSE
	EndGlobalSection
	GlobalSection(ExtensibilityGlobals) = postSolution
		SolutionGuid = {D438D5E6-21B4-4F7C-8AA1-EF0E28E9A737}
	EndGlobalSection
EndGlobal
